
Microsoft Visual Studio Solution File, Format Version 12.00
# Visual Studio Version 17
VisualStudioVersion = 17.0.31903.59
MinimumVisualStudioVersion = 10.0.40219.1
Project("{FAE04EC0-301F-11D3-BF4B-00C04F79EFBC}") = "Micrograd.Core", "Micrograd.Core\Micrograd.Core.csproj", "{61574AED-8069-4427-A183-2DFA5B8765CD}"
EndProject
Project("{FAE04EC0-301F-11D3-BF4B-00C04F79EFBC}") = "Micrograd.Tests", "Micrograd.Tests\Micrograd.Tests.csproj", "{EAA72FAC-6EB5-4B0D-A239-13D1F43F6E5A}"
EndProject
Project("{FAE04EC0-301F-11D3-BF4B-00C04F79EFBC}") = "Micrograd.Examples", "Micrograd.Examples\Micrograd.Examples.csproj", "{69C87304-803E-420E-834F-19486B32B3A1}"
EndProject
Global
	GlobalSection(SolutionConfigurationPlatforms) = preSolution
		Debug|Any CPU = Debug|Any CPU
		Debug|x64 = Debug|x64
		Debug|x86 = Debug|x86
		Release|Any CPU = Release|Any CPU
		Release|x64 = Release|x64
		Release|x86 = Release|x86
	EndGlobalSection
	GlobalSection(ProjectConfigurationPlatforms) = postSolution
		{61574AED-8069-4427-A183-2DFA5B8765CD}.Debug|Any CPU.ActiveCfg = Debug|Any CPU
		{61574AED-8069-4427-A183-2DFA5B8765CD}.Debug|Any CPU.Build.0 = Debug|Any CPU
		{61574AED-8069-4427-A183-2DFA5B8765CD}.Debug|x64.ActiveCfg = Debug|Any CPU
		{61574AED-8069-4427-A183-2DFA5B8765CD}.Debug|x64.Build.0 = Debug|Any CPU
		{61574AED-8069-4427-A183-2DFA5B8765CD}.Debug|x86.ActiveCfg = Debug|Any CPU
		{61574AED-8069-4427-A183-2DFA5B8765CD}.Debug|x86.Build.0 = Debug|Any CPU
		{61574AED-8069-4427-A183-2DFA5B8765CD}.Release|Any CPU.ActiveCfg = Release|Any CPU
		{61574AED-8069-4427-A183-2DFA5B8765CD}.Release|Any CPU.Build.0 = Release|Any CPU
		{61574AED-8069-4427-A183-2DFA5B8765CD}.Release|x64.ActiveCfg = Release|Any CPU
		{61574AED-8069-4427-A183-2DFA5B8765CD}.Release|x64.Build.0 = Release|Any CPU
		{61574AED-8069-4427-A183-2DFA5B8765CD}.Release|x86.ActiveCfg = Release|Any CPU
		{61574AED-8069-4427-A183-2DFA5B8765CD}.Release|x86.Build.0 = Release|Any CPU
		{EAA72FAC-6EB5-4B0D-A239-13D1F43F6E5A}.Debug|Any CPU.ActiveCfg = Debug|Any CPU
		{EAA72FAC-6EB5-4B0D-A239-13D1F43F6E5A}.Debug|Any CPU.Build.0 = Debug|Any CPU
		{EAA72FAC-6EB5-4B0D-A239-13D1F43F6E5A}.Debug|x64.ActiveCfg = Debug|Any CPU
		{EAA72FAC-6EB5-4B0D-A239-13D1F43F6E5A}.Debug|x64.Build.0 = Debug|Any CPU
		{EAA72FAC-6EB5-4B0D-A239-13D1F43F6E5A}.Debug|x86.ActiveCfg = Debug|Any CPU
		{EAA72FAC-6EB5-4B0D-A239-13D1F43F6E5A}.Debug|x86.Build.0 = Debug|Any CPU
		{EAA72FAC-6EB5-4B0D-A239-13D1F43F6E5A}.Release|Any CPU.ActiveCfg = Release|Any CPU
		{EAA72FAC-6EB5-4B0D-A239-13D1F43F6E5A}.Release|Any CPU.Build.0 = Release|Any CPU
		{EAA72FAC-6EB5-4B0D-A239-13D1F43F6E5A}.Release|x64.ActiveCfg = Release|Any CPU
		{EAA72FAC-6EB5-4B0D-A239-13D1F43F6E5A}.Release|x64.Build.0 = Release|Any CPU
		{EAA72FAC-6EB5-4B0D-A239-13D1F43F6E5A}.Release|x86.ActiveCfg = Release|Any CPU
		{EAA72FAC-6EB5-4B0D-A239-13D1F43F6E5A}.Release|x86.Build.0 = Release|Any CPU
		{69C87304-803E-420E-834F-19486B32B3A1}.Debug|Any CPU.ActiveCfg = Debug|Any CPU
		{69C87304-803E-420E-834F-19486B32B3A1}.Debug|Any CPU.Build.0 = Debug|Any CPU
		{69C87304-803E-420E-834F-19486B32B3A1}.Debug|x64.ActiveCfg = Debug|Any CPU
		{69C87304-803E-420E-834F-19486B32B3A1}.Debug|x64.Build.0 = Debug|Any CPU
		{69C87304-803E-420E-834F-19486B32B3A1}.Debug|x86.ActiveCfg = Debug|Any CPU
		{69C87304-803E-420E-834F-19486B32B3A1}.Debug|x86.Build.0 = Debug|Any CPU
		{69C87304-803E-420E-834F-19486B32B3A1}.Release|Any CPU.ActiveCfg = Release|Any CPU
		{69C87304-803E-420E-834F-19486B32B3A1}.Release|Any CPU.Build.0 = Release|Any CPU
		{69C87304-803E-420E-834F-19486B32B3A1}.Release|x64.ActiveCfg = Release|Any CPU
		{69C87304-803E-420E-834F-19486B32B3A1}.Release|x64.Build.0 = Release|Any CPU
		{69C87304-803E-420E-834F-19486B32B3A1}.Release|x86.ActiveCfg = Release|Any CPU
		{69C87304-803E-420E-834F-19486B32B3A1}.Release|x86.Build.0 = Release|Any CPU
	EndGlobalSection
	GlobalSection(SolutionProperties) = preSolution
		HideSolutionNode = FALSE
	EndGlobalSection
EndGlobal
